// !$*UTF8*$!
{
	archiveVersion = 1;
	classes = {
	};
	objectVersion = 46;
	objects = {

/* Begin PBXBuildFile section */
		650553201A8DC9AA001FF3BD /* libprotocolc.a in Frameworks */ = {isa = PBXBuildFile; fileRef = 650553141A8DC9AA001FF3BD /* libprotocolc.a */; };
		65B7E7171AA5A871005328A2 /* protobuf-c.c in Sources */ = {isa = PBXBuildFile; fileRef = 650557451A8DCC40001FF3BD /* protobuf-c.c */; };
/* End PBXBuildFile section */

/* Begin PBXContainerItemProxy section */
		650553211A8DC9AA001FF3BD /* PBXContainerItemProxy */ = {
			isa = PBXContainerItemProxy;
			containerPortal = 6505530C1A8DC9AA001FF3BD /* Project object */;
			proxyType = 1;
			remoteGlobalIDString = 650553131A8DC9AA001FF3BD;
			remoteInfo = xixi;
		};
/* End PBXContainerItemProxy section */

/* Begin PBXCopyFilesBuildPhase section */
		650553121A8DC9AA001FF3BD /* CopyFiles */ = {
			isa = PBXCopyFilesBuildPhase;
			buildActionMask = 2147483647;
			dstPath = "include/$(PRODUCT_NAME)";
			dstSubfolderSpec = 16;
			files = (
			);
			runOnlyForDeploymentPostprocessing = 0;
		};
/* End PBXCopyFilesBuildPhase section */

/* Begin PBXFileReference section */
		650553141A8DC9AA001FF3BD /* libprotocolc.a */ = {isa = PBXFileReference; explicitFileType = archive.ar; includeInIndex = 0; path = libprotocolc.a; sourceTree = BUILT_PRODUCTS_DIR; };
		6505531F1A8DC9AA001FF3BD /* xixiTests.xctest */ = {isa = PBXFileReference; explicitFileType = wrapper.cfbundle; includeInIndex = 0; path = xixiTests.xctest; sourceTree = BUILT_PRODUCTS_DIR; };
		650553251A8DC9AA001FF3BD /* Info.plist */ = {isa = PBXFileReference; lastKnownFileType = text.plist.xml; path = Info.plist; sourceTree = "<group>"; };
		650557351A8DCC40001FF3BD /* .dirstamp */ = {isa = PBXFileReference; lastKnownFileType = text; path = .dirstamp; sourceTree = "<group>"; };
		650557361A8DCC40001FF3BD /* protobuf-c.Plo */ = {isa = PBXFileReference; lastKnownFileType = text; path = "protobuf-c.Plo"; sourceTree = "<group>"; };
		650557371A8DCC40001FF3BD /* .dirstamp */ = {isa = PBXFileReference; lastKnownFileType = text; path = .dirstamp; sourceTree = "<group>"; };
		650557391A8DCC40001FF3BD /* libprotobuf-c-symbols.expsym */ = {isa = PBXFileReference; lastKnownFileType = text; path = "libprotobuf-c-symbols.expsym"; sourceTree = "<group>"; };
		6505573A1A8DCC40001FF3BD /* libprotobuf-c.1.dylib */ = {isa = PBXFileReference; lastKnownFileType = "compiled.mach-o.dylib"; path = "libprotobuf-c.1.dylib"; sourceTree = "<group>"; };
		6505573B1A8DCC40001FF3BD /* libprotobuf-c.a */ = {isa = PBXFileReference; lastKnownFileType = archive.ar; path = "libprotobuf-c.a"; sourceTree = "<group>"; };
		6505573C1A8DCC40001FF3BD /* libprotobuf-c.dylib */ = {isa = PBXFileReference; lastKnownFileType = "compiled.mach-o.dylib"; path = "libprotobuf-c.dylib"; sourceTree = "<group>"; };
		6505573D1A8DCC40001FF3BD /* libprotobuf-c.exp */ = {isa = PBXFileReference; lastKnownFileType = sourcecode.exports; path = "libprotobuf-c.exp"; sourceTree = "<group>"; };
		6505573E1A8DCC40001FF3BD /* libprotobuf-c.la */ = {isa = PBXFileReference; lastKnownFileType = text; path = "libprotobuf-c.la"; sourceTree = "<group>"; };
		6505573F1A8DCC40001FF3BD /* libprotobuf-c.lai */ = {isa = PBXFileReference; lastKnownFileType = text; path = "libprotobuf-c.lai"; sourceTree = "<group>"; };
		650557401A8DCC40001FF3BD /* protobuf-c.o */ = {isa = PBXFileReference; lastKnownFileType = "compiled.mach-o.objfile"; path = "protobuf-c.o"; sourceTree = "<group>"; };
		650557411A8DCC40001FF3BD /* libprotobuf-c.la */ = {isa = PBXFileReference; lastKnownFileType = text; path = "libprotobuf-c.la"; sourceTree = "<group>"; };
		650557421A8DCC40001FF3BD /* libprotobuf-c.pc */ = {isa = PBXFileReference; lastKnownFileType = text; path = "libprotobuf-c.pc"; sourceTree = "<group>"; };
		650557431A8DCC40001FF3BD /* libprotobuf-c.pc.in */ = {isa = PBXFileReference; lastKnownFileType = text; path = "libprotobuf-c.pc.in"; sourceTree = "<group>"; };
		650557441A8DCC40001FF3BD /* libprotobuf-c.sym */ = {isa = PBXFileReference; lastKnownFileType = text; path = "libprotobuf-c.sym"; sourceTree = "<group>"; };
		650557451A8DCC40001FF3BD /* protobuf-c.c */ = {isa = PBXFileReference; lastKnownFileType = sourcecode.c.c; path = "protobuf-c.c"; sourceTree = "<group>"; };
		650557461A8DCC40001FF3BD /* protobuf-c.h */ = {isa = PBXFileReference; lastKnownFileType = sourcecode.c.h; path = "protobuf-c.h"; sourceTree = "<group>"; };
/* End PBXFileReference section */

/* Begin PBXFrameworksBuildPhase section */
		650553111A8DC9AA001FF3BD /* Frameworks */ = {
			isa = PBXFrameworksBuildPhase;
			buildActionMask = 2147483647;
			files = (
			);
			runOnlyForDeploymentPostprocessing = 0;
		};
		6505531C1A8DC9AA001FF3BD /* Frameworks */ = {
			isa = PBXFrameworksBuildPhase;
			buildActionMask = 2147483647;
			files = (
				650553201A8DC9AA001FF3BD /* libprotocolc.a in Frameworks */,
			);
			runOnlyForDeploymentPostprocessing = 0;
		};
/* End PBXFrameworksBuildPhase section */

/* Begin PBXGroup section */
		6505530B1A8DC9AA001FF3BD = {
			isa = PBXGroup;
			children = (
				650557331A8DCC40001FF3BD /* protobuf-c */,
				650553161A8DC9AA001FF3BD /* xixi */,
				650553231A8DC9AA001FF3BD /* xixiTests */,
				650553151A8DC9AA001FF3BD /* Products */,
			);
			sourceTree = "<group>";
		};
		650553151A8DC9AA001FF3BD /* Products */ = {
			isa = PBXGroup;
			children = (
				650553141A8DC9AA001FF3BD /* libprotocolc.a */,
				6505531F1A8DC9AA001FF3BD /* xixiTests.xctest */,
			);
			name = Products;
			sourceTree = "<group>";
		};
		650553161A8DC9AA001FF3BD /* xixi */ = {
			isa = PBXGroup;
			children = (
			);
			path = xixi;
			sourceTree = "<group>";
		};
		650553231A8DC9AA001FF3BD /* xixiTests */ = {
			isa = PBXGroup;
			children = (
				650553241A8DC9AA001FF3BD /* Supporting Files */,
			);
			path = xixiTests;
			sourceTree = "<group>";
		};
		650553241A8DC9AA001FF3BD /* Supporting Files */ = {
			isa = PBXGroup;
			children = (
				650553251A8DC9AA001FF3BD /* Info.plist */,
			);
			name = "Supporting Files";
			sourceTree = "<group>";
		};
		650557331A8DCC40001FF3BD /* protobuf-c */ = {
			isa = PBXGroup;
			children = (
				650557341A8DCC40001FF3BD /* .deps */,
				650557371A8DCC40001FF3BD /* .dirstamp */,
				650557381A8DCC40001FF3BD /* .libs */,
				650557411A8DCC40001FF3BD /* libprotobuf-c.la */,
				650557421A8DCC40001FF3BD /* libprotobuf-c.pc */,
				650557431A8DCC40001FF3BD /* libprotobuf-c.pc.in */,
				650557441A8DCC40001FF3BD /* libprotobuf-c.sym */,
				650557451A8DCC40001FF3BD /* protobuf-c.c */,
				650557461A8DCC40001FF3BD /* protobuf-c.h */,
			);
			path = "protobuf-c";
			sourceTree = "<group>";
		};
		650557341A8DCC40001FF3BD /* .deps */ = {
			isa = PBXGroup;
			children = (
				650557351A8DCC40001FF3BD /* .dirstamp */,
				650557361A8DCC40001FF3BD /* protobuf-c.Plo */,
			);
			path = .deps;
			sourceTree = "<group>";
		};
		650557381A8DCC40001FF3BD /* .libs */ = {
			isa = PBXGroup;
			children = (
				650557391A8DCC40001FF3BD /* libprotobuf-c-symbols.expsym */,
				6505573A1A8DCC40001FF3BD /* libprotobuf-c.1.dylib */,
				6505573B1A8DCC40001FF3BD /* libprotobuf-c.a */,
				6505573C1A8DCC40001FF3BD /* libprotobuf-c.dylib */,
				6505573D1A8DCC40001FF3BD /* libprotobuf-c.exp */,
				6505573E1A8DCC40001FF3BD /* libprotobuf-c.la */,
				6505573F1A8DCC40001FF3BD /* libprotobuf-c.lai */,
				650557401A8DCC40001FF3BD /* protobuf-c.o */,
			);
			path = .libs;
			sourceTree = "<group>";
		};
/* End PBXGroup section */

/* Begin PBXNativeTarget section */
		650553131A8DC9AA001FF3BD /* xixi */ = {
			isa = PBXNativeTarget;
			buildConfigurationList = 650553281A8DC9AA001FF3BD /* Build configuration list for PBXNativeTarget "xixi" */;
			buildPhases = (
				650553101A8DC9AA001FF3BD /* Sources */,
				650553111A8DC9AA001FF3BD /* Frameworks */,
				650553121A8DC9AA001FF3BD /* CopyFiles */,
			);
			buildRules = (
			);
			dependencies = (
			);
			name = xixi;
			productName = xixi;
			productReference = 650553141A8DC9AA001FF3BD /* libprotocolc.a */;
			productType = "com.apple.product-type.library.static";
		};
		6505531E1A8DC9AA001FF3BD /* xixiTests */ = {
			isa = PBXNativeTarget;
			buildConfigurationList = 6505532B1A8DC9AA001FF3BD /* Build configuration list for PBXNativeTarget "xixiTests" */;
			buildPhases = (
				6505531B1A8DC9AA001FF3BD /* Sources */,
				6505531C1A8DC9AA001FF3BD /* Frameworks */,
				6505531D1A8DC9AA001FF3BD /* Resources */,
			);
			buildRules = (
			);
			dependencies = (
				650553221A8DC9AA001FF3BD /* PBXTargetDependency */,
			);
			name = xixiTests;
			productName = xixiTests;
			productReference = 6505531F1A8DC9AA001FF3BD /* xixiTests.xctest */;
			productType = "com.apple.product-type.bundle.unit-test";
		};
/* End PBXNativeTarget section */

/* Begin PBXProject section */
		6505530C1A8DC9AA001FF3BD /* Project object */ = {
			isa = PBXProject;
			attributes = {
				LastUpgradeCheck = 0610;
				ORGANIZATIONNAME = Teemo;
				TargetAttributes = {
					650553131A8DC9AA001FF3BD = {
						CreatedOnToolsVersion = 6.1.1;
					};
					6505531E1A8DC9AA001FF3BD = {
						CreatedOnToolsVersion = 6.1.1;
					};
				};
			};
			buildConfigurationList = 6505530F1A8DC9AA001FF3BD /* Build configuration list for PBXProject "xixi" */;
			compatibilityVersion = "Xcode 3.2";
			developmentRegion = English;
			hasScannedForEncodings = 0;
			knownRegions = (
				English,
				en,
			);
			mainGroup = 6505530B1A8DC9AA001FF3BD;
			productRefGroup = 650553151A8DC9AA001FF3BD /* Products */;
			projectDirPath = "";
			projectRoot = "";
			targets = (
				650553131A8DC9AA001FF3BD /* xixi */,
				6505531E1A8DC9AA001FF3BD /* xixiTests */,
			);
		};
/* End PBXProject section */

/* Begin PBXResourcesBuildPhase section */
		6505531D1A8DC9AA001FF3BD /* Resources */ = {
			isa = PBXResourcesBuildPhase;
			buildActionMask = 2147483647;
			files = (
			);
			runOnlyForDeploymentPostprocessing = 0;
		};
/* End PBXResourcesBuildPhase section */

/* Begin PBXSourcesBuildPhase section */
		650553101A8DC9AA001FF3BD /* Sources */ = {
			isa = PBXSourcesBuildPhase;
			buildActionMask = 2147483647;
			files = (
				65B7E7171AA5A871005328A2 /* protobuf-c.c in Sources */,
			);
			runOnlyForDeploymentPostprocessing = 0;
		};
		6505531B1A8DC9AA001FF3BD /* Sources */ = {
			isa = PBXSourcesBuildPhase;
			buildActionMask = 2147483647;
			files = (
			);
			runOnlyForDeploymentPostprocessing = 0;
		};
/* End PBXSourcesBuildPhase section */

/* Begin PBXTargetDependency section */
		650553221A8DC9AA001FF3BD /* PBXTargetDependency */ = {
			isa = PBXTargetDependency;
			target = 650553131A8DC9AA001FF3BD /* xixi */;
			targetProxy = 650553211A8DC9AA001FF3BD /* PBXContainerItemProxy */;
		};
/* End PBXTargetDependency section */

/* Begin XCBuildConfiguration section */
		650553261A8DC9AA001FF3BD /* Debug */ = {
			isa = XCBuildConfiguration;
			buildSettings = {
				ALWAYS_SEARCH_USER_PATHS = NO;
				ARCHS = (
					armv7s,
					armv7,
					arm64,
					x86_64,
				);
				CLANG_CXX_LANGUAGE_STANDARD = "gnu++0x";
				CLANG_CXX_LIBRARY = "libc++";
				CLANG_ENABLE_MODULES = YES;
				CLANG_ENABLE_OBJC_ARC = YES;
				CLANG_WARN_BOOL_CONVERSION = YES;
				CLANG_WARN_CONSTANT_CONVERSION = YES;
				CLANG_WARN_DIRECT_OBJC_ISA_USAGE = YES_ERROR;
				CLANG_WARN_EMPTY_BODY = YES;
				CLANG_WARN_ENUM_CONVERSION = YES;
				CLANG_WARN_INT_CONVERSION = YES;
				CLANG_WARN_OBJC_ROOT_CLASS = YES_ERROR;
				CLANG_WARN_UNREACHABLE_CODE = YES;
				CLANG_WARN__DUPLICATE_METHOD_MATCH = YES;
				COPY_PHASE_STRIP = NO;
				ENABLE_STRICT_OBJC_MSGSEND = YES;
				GCC_C_LANGUAGE_STANDARD = gnu99;
				GCC_DYNAMIC_NO_PIC = NO;
				GCC_OPTIMIZATION_LEVEL = 0;
				GCC_PREPROCESSOR_DEFINITIONS = (
					"DEBUG=1",
					"$(inherited)",
				);
				GCC_SYMBOLS_PRIVATE_EXTERN = NO;
				GCC_WARN_64_TO_32_BIT_CONVERSION = YES;
				GCC_WARN_ABOUT_RETURN_TYPE = YES_ERROR;
				GCC_WARN_UNDECLARED_SELECTOR = YES;
				GCC_WARN_UNINITIALIZED_AUTOS = YES_AGGRESSIVE;
				GCC_WARN_UNUSED_FUNCTION = YES;
				GCC_WARN_UNUSED_VARIABLE = YES;
				IPHONEOS_DEPLOYMENT_TARGET = 8.0;
				MTL_ENABLE_DEBUG_INFO = YES;
				ONLY_ACTIVE_ARCH = NO;
				SDKROOT = iphoneos;
				STRIP_INSTALLED_PRODUCT = NO;
				SUPPORTED_PLATFORMS = "iphonesimulator iphoneos";
				TARGETED_DEVICE_FAMILY = "1,2";
				VALIDATE_PRODUCT = YES;
				VALID_ARCHS = "arm64 armv7 armv7s armv64 x86_64";
			};
			name = Debug;
		};
		650553271A8DC9AA001FF3BD /* Release */ = {
			isa = XCBuildConfiguration;
			buildSettings = {
				ALWAYS_SEARCH_USER_PATHS = NO;
				ARCHS = (
					armv7s,
					armv7,
					arm64,
					x86_64,
				);
				CLANG_CXX_LANGUAGE_STANDARD = "gnu++0x";
				CLANG_CXX_LIBRARY = "libc++";
				CLANG_ENABLE_MODULES = YES;
				CLANG_ENABLE_OBJC_ARC = YES;
				CLANG_WARN_BOOL_CONVERSION = YES;
				CLANG_WARN_CONSTANT_CONVERSION = YES;
				CLANG_WARN_DIRECT_OBJC_ISA_USAGE = YES_ERROR;
				CLANG_WARN_EMPTY_BODY = YES;
				CLANG_WARN_ENUM_CONVERSION = YES;
				CLANG_WARN_INT_CONVERSION = YES;
				CLANG_WARN_OBJC_ROOT_CLASS = YES_ERROR;
				CLANG_WARN_UNREACHABLE_CODE = YES;
				CLANG_WARN__DUPLICATE_METHOD_MATCH = YES;
				COPY_PHASE_STRIP = NO;
				ENABLE_NS_ASSERTIONS = NO;
				ENABLE_STRICT_OBJC_MSGSEND = YES;
				GCC_C_LANGUAGE_STANDARD = gnu99;
				GCC_WARN_64_TO_32_BIT_CONVERSION = YES;
				GCC_WARN_ABOUT_RETURN_TYPE = YES_ERROR;
				GCC_WARN_UNDECLARED_SELECTOR = YES;
				GCC_WARN_UNINITIALIZED_AUTOS = YES_AGGRESSIVE;
				GCC_WARN_UNUSED_FUNCTION = YES;
				GCC_WARN_UNUSED_VARIABLE = YES;
				IPHONEOS_DEPLOYMENT_TARGET = 8.0;
				MTL_ENABLE_DEBUG_INFO = NO;
				ONLY_ACTIVE_ARCH = NO;
				SDKROOT = iphoneos;
				STRIP_INSTALLED_PRODUCT = NO;
				SUPPORTED_PLATFORMS = "iphonesimulator iphoneos";
				TARGETED_DEVICE_FAMILY = "1,2";
				VALIDATE_PRODUCT = YES;
				VALID_ARCHS = "arm64 armv7 armv7s armv64 x86_64";
			};
			name = Release;
		};
		650553291A8DC9AA001FF3BD /* Debug */ = {
			isa = XCBuildConfiguration;
			buildSettings = {
				ARCHS = (
					armv7s,
					armv7,
					arm64,
					x86_64,
				);
				CODE_SIGN_IDENTITY = "iPhone Distribution";
				HEADER_SEARCH_PATHS = (
					"$(inherited)",
					/Applications/Xcode.app/Contents/Developer/Toolchains/XcodeDefault.xctoolchain/usr/include,
					"../**",
				);
				MACOSX_DEPLOYMENT_TARGET = "";
				ONLY_ACTIVE_ARCH = NO;
				OTHER_LDFLAGS = "-ObjC";
				PRODUCT_NAME = protocolc;
				SKIP_INSTALL = YES;
				STRIP_INSTALLED_PRODUCT = NO;
				TVOS_DEPLOYMENT_TARGET = "";
				VALID_ARCHS = "arm64 armv7 armv7s x86_64";
				WATCHOS_DEPLOYMENT_TARGET = "";
			};
			name = Debug;
		};
		6505532A1A8DC9AA001FF3BD /* Release */ = {
			isa = XCBuildConfiguration;
			buildSettings = {
				ARCHS = (
					armv7s,
					armv7,
					arm64,
					x86_64,
				);
				CODE_SIGN_IDENTITY = "iPhone Distribution";
				"HEADER_SEARCH_PATHS[arch=*]" = (
					"$(inherited)",
					/Applications/Xcode.app/Contents/Developer/Toolchains/XcodeDefault.xctoolchain/usr/include,
					"../**",
				);
				MACOSX_DEPLOYMENT_TARGET = "";
				OTHER_LDFLAGS = "-ObjC";
				PRODUCT_NAME = protocolc;
				SKIP_INSTALL = YES;
				STRIP_INSTALLED_PRODUCT = NO;
				TVOS_DEPLOYMENT_TARGET = "";
				VALID_ARCHS = "arm64 armv7 armv7s x86_64";
				WATCHOS_DEPLOYMENT_TARGET = "";
			};
			name = Release;
		};
		6505532C1A8DC9AA001FF3BD /* Debug */ = {
			isa = XCBuildConfiguration;
			buildSettings = {
				CODE_SIGN_IDENTITY = "iPhone Distribution";
				FRAMEWORK_SEARCH_PATHS = (
					"$(SDKROOT)/Developer/Library/Frameworks",
					"$(inherited)",
				);
				GCC_PREPROCESSOR_DEFINITIONS = (
					"DEBUG=1",
					"$(inherited)",
				);
				INFOPLIST_FILE = xixiTests/Info.plist;
				LD_RUNPATH_SEARCH_PATHS = "$(inherited) @executable_path/Frameworks @loader_path/Frameworks";
				PRODUCT_NAME = "$(TARGET_NAME)";
			};
			name = Debug;
		};
		6505532D1A8DC9AA001FF3BD /* Release */ = {
			isa = XCBuildConfiguration;
			buildSettings = {
				CODE_SIGN_IDENTITY = "iPhone Distribution";
				FRAMEWORK_SEARCH_PATHS = (
					"$(SDKROOT)/Developer/Library/Frameworks",
					"$(inherited)",
				);
				INFOPLIST_FILE = xixiTests/Info.plist;
				LD_RUNPATH_SEARCH_PATHS = "$(inherited) @executable_path/Frameworks @loader_path/Frameworks";
				PRODUCT_NAME = "$(TARGET_NAME)";
			};
			name = Release;
		};
/* End XCBuildConfiguration section */

/* Begin XCConfigurationList section */
		6505530F1A8DC9AA001FF3BD /* Build configuration list for PBXProject "xixi" */ = {
			isa = XCConfigurationList;
			buildConfigurations = (
				650553261A8DC9AA001FF3BD /* Debug */,
				650553271A8DC9AA001FF3BD /* Release */,
			);
			defaultConfigurationIsVisible = 0;
			defaultConfigurationName = Release;
		};
		650553281A8DC9AA001FF3BD /* Build configuration list for PBXNativeTarget "xixi" */ = {
			isa = XCConfigurationList;
			buildConfigurations = (
				650553291A8DC9AA001FF3BD /* Debug */,
				6505532A1A8DC9AA001FF3BD /* Release */,
			);
			defaultConfigurationIsVisible = 0;
			defaultConfigurationName = Release;
		};
		6505532B1A8DC9AA001FF3BD /* Build configuration list for PBXNativeTarget "xixiTests" */ = {
			isa = XCConfigurationList;
			buildConfigurations = (
				6505532C1A8DC9AA001FF3BD /* Debug */,
				6505532D1A8DC9AA001FF3BD /* Release */,
			);
			defaultConfigurationIsVisible = 0;
			defaultConfigurationName = Release;
		};
/* End XCConfigurationList section */
	};
	rootObject = 6505530C1A8DC9AA001FF3BD /* Project object */;
}
